
Microsoft Visual Studio Solution File, Format Version 12.00
# Visual Studio Version 16
VisualStudioVersion = 16.0.31112.23
MinimumVisualStudioVersion = 10.0.40219.1
Project("{FAE04EC0-301F-11D3-BF4B-00C04F79EFBC}") = "Project", "Project\Project.csproj", "{743B3C0F-6B6B-461C-BA96-DCA65CD06007}"
EndProject
Global
	GlobalSection(SolutionConfigurationPlatforms) = preSolution
		Debug|Any CPU = Debug|Any CPU
		Release|Any CPU = Release|Any CPU
	EndGlobalSection
	GlobalSection(ProjectConfigurationPlatforms) = postSolution
		{743B3C0F-6B6B-461C-BA96-DCA65CD06007}.Debug|Any CPU.ActiveCfg = Debug|Any CPU
		{743B3C0F-6B6B-461C-BA96-DCA65CD06007}.Debug|Any CPU.Build.0 = Debug|Any CPU
		{743B3C0F-6B6B-461C-BA96-DCA65CD06007}.Release|Any CPU.ActiveCfg = Release|Any CPU
		{743B3C0F-6B6B-461C-BA96-DCA65CD06007}.Release|Any CPU.Build.0 = Release|Any CPU
	EndGlobalSection
	GlobalSection(SolutionProperties) = preSolution
		HideSolutionNode = FALSE
	EndGlobalSection
	GlobalSection(ExtensibilityGlobals) = postSolution
		SolutionGuid = {1F376B59-CF68-4654-BA80-DAB3105156DE}
	EndGlobalSection
EndGlobal
